
Microsoft Visual Studio Solution File, Format Version 12.00
# Visual Studio Version 16
VisualStudioVersion = 16.0.30523.141
MinimumVisualStudioVersion = 10.0.40219.1
Project("{FAE04EC0-301F-11D3-BF4B-00C04F79EFBC}") = "FernandaTron3000", "FernandaTron3000\FernandaTron3000.csproj", "{30E28135-D2DF-4743-A2E0-957A4C74CAA5}"
EndProject
Project("{FAE04EC0-301F-11D3-BF4B-00C04F79EFBC}") = "FernandaTron3000.Tests", "FernandaTron3000.Tests\FernandaTron3000.Tests.csproj", "{0BFBB1AA-656C-4D27-B3B7-46FB5285A3E2}"
EndProject
Global
	GlobalSection(SolutionConfigurationPlatforms) = preSolution
		Debug|Any CPU = Debug|Any CPU
		Release|Any CPU = Release|Any CPU
	EndGlobalSection
	GlobalSection(ProjectConfigurationPlatforms) = postSolution
		{30E28135-D2DF-4743-A2E0-957A4C74CAA5}.Debug|Any CPU.ActiveCfg = Debug|Any CPU
		{30E28135-D2DF-4743-A2E0-957A4C74CAA5}.Debug|Any CPU.Build.0 = Debug|Any CPU
		{30E28135-D2DF-4743-A2E0-957A4C74CAA5}.Release|Any CPU.ActiveCfg = Release|Any CPU
		{30E28135-D2DF-4743-A2E0-957A4C74CAA5}.Release|Any CPU.Build.0 = Release|Any CPU
		{0BFBB1AA-656C-4D27-B3B7-46FB5285A3E2}.Debug|Any CPU.ActiveCfg = Debug|Any CPU
		{0BFBB1AA-656C-4D27-B3B7-46FB5285A3E2}.Debug|Any CPU.Build.0 = Debug|Any CPU
		{0BFBB1AA-656C-4D27-B3B7-46FB5285A3E2}.Release|Any CPU.ActiveCfg = Release|Any CPU
		{0BFBB1AA-656C-4D27-B3B7-46FB5285A3E2}.Release|Any CPU.Build.0 = Release|Any CPU
	EndGlobalSection
	GlobalSection(SolutionProperties) = preSolution
		HideSolutionNode = FALSE
	EndGlobalSection
	GlobalSection(ExtensibilityGlobals) = postSolution
		SolutionGuid = {111542D3-99C2-43C1-B4FA-9EB5AD28CED5}
	EndGlobalSection
EndGlobal
